
Microsoft Visual Studio Solution File, Format Version 12.00
# Visual Studio Version 16
VisualStudioVersion = 16.0.29215.179
MinimumVisualStudioVersion = 10.0.40219.1
Project("{FAE04EC0-301F-11D3-BF4B-00C04F79EFBC}") = "GUI_QuanLySinhVien", "GUI_DangKyMonHoc\GUI_QuanLySinhVien.csproj", "{17734BB7-4C02-40F5-8D63-E040222A8104}"
EndProject
Project("{FAE04EC0-301F-11D3-BF4B-00C04F79EFBC}") = "DAL_QuanLySinhVien", "DAL_QuanLySinhVien\DAL_QuanLySinhVien.csproj", "{E64C37F4-BE60-479D-BC77-28BD3DE7771B}"
EndProject
Project("{FAE04EC0-301F-11D3-BF4B-00C04F79EFBC}") = "BUS_QuanLySinhVien", "BUS_QuanLySinhVien\BUS_QuanLySinhVien.csproj", "{98F848EA-2FCD-43F0-82E8-AF5E09062F1E}"
EndProject
Project("{FAE04EC0-301F-11D3-BF4B-00C04F79EFBC}") = "DTA_QuanLySinhVien", "DTA_QuanLySinhVien\DTA_QuanLySinhVien.csproj", "{EB3400DB-C222-4598-9F2D-E1387D541DE7}"
EndProject
Global
	GlobalSection(SolutionConfigurationPlatforms) = preSolution
		Debug|Any CPU = Debug|Any CPU
		Release|Any CPU = Release|Any CPU
	EndGlobalSection
	GlobalSection(ProjectConfigurationPlatforms) = postSolution
		{17734BB7-4C02-40F5-8D63-E040222A8104}.Debug|Any CPU.ActiveCfg = Debug|Any CPU
		{17734BB7-4C02-40F5-8D63-E040222A8104}.Debug|Any CPU.Build.0 = Debug|Any CPU
		{17734BB7-4C02-40F5-8D63-E040222A8104}.Release|Any CPU.ActiveCfg = Release|Any CPU
		{17734BB7-4C02-40F5-8D63-E040222A8104}.Release|Any CPU.Build.0 = Release|Any CPU
		{E64C37F4-BE60-479D-BC77-28BD3DE7771B}.Debug|Any CPU.ActiveCfg = Debug|Any CPU
		{E64C37F4-BE60-479D-BC77-28BD3DE7771B}.Debug|Any CPU.Build.0 = Debug|Any CPU
		{E64C37F4-BE60-479D-BC77-28BD3DE7771B}.Release|Any CPU.ActiveCfg = Release|Any CPU
		{E64C37F4-BE60-479D-BC77-28BD3DE7771B}.Release|Any CPU.Build.0 = Release|Any CPU
		{98F848EA-2FCD-43F0-82E8-AF5E09062F1E}.Debug|Any CPU.ActiveCfg = Debug|Any CPU
		{98F848EA-2FCD-43F0-82E8-AF5E09062F1E}.Debug|Any CPU.Build.0 = Debug|Any CPU
		{98F848EA-2FCD-43F0-82E8-AF5E09062F1E}.Release|Any CPU.ActiveCfg = Release|Any CPU
		{98F848EA-2FCD-43F0-82E8-AF5E09062F1E}.Release|Any CPU.Build.0 = Release|Any CPU
		{EB3400DB-C222-4598-9F2D-E1387D541DE7}.Debug|Any CPU.ActiveCfg = Debug|Any CPU
		{EB3400DB-C222-4598-9F2D-E1387D541DE7}.Debug|Any CPU.Build.0 = Debug|Any CPU
		{EB3400DB-C222-4598-9F2D-E1387D541DE7}.Release|Any CPU.ActiveCfg = Release|Any CPU
		{EB3400DB-C222-4598-9F2D-E1387D541DE7}.Release|Any CPU.Build.0 = Release|Any CPU
	EndGlobalSection
	GlobalSection(SolutionProperties) = preSolution
		HideSolutionNode = FALSE
	EndGlobalSection
	GlobalSection(ExtensibilityGlobals) = postSolution
		SolutionGuid = {71977A1C-C750-4B36-8264-71FB9AD9A195}
	EndGlobalSection
EndGlobal
