
Microsoft Visual Studio Solution File, Format Version 12.00
# Visual Studio Version 16
VisualStudioVersion = 16.0.29215.179
MinimumVisualStudioVersion = 10.0.40219.1
Project("{FAE04EC0-301F-11D3-BF4B-00C04F79EFBC}") = "DAL_QuanLySinhVien", "DAL_Quanlisunhvien\DAL_QuanLySinhVien.csproj", "{3F686740-BCE1-48A8-8D48-CCBC5D54BEC0}"
EndProject
Project("{FAE04EC0-301F-11D3-BF4B-00C04F79EFBC}") = "BUS_QuanLySinhVien", "BUS_QuanLySinhVien\BUS_QuanLySinhVien.csproj", "{48B6EBF2-83A3-4CC2-8E98-B8D0E6BBEB67}"
EndProject
Project("{FAE04EC0-301F-11D3-BF4B-00C04F79EFBC}") = "DTO_QuanLySinhVien", "DTO_QuanLySinhVien\DTO_QuanLySinhVien.csproj", "{0D6716E9-620F-4B74-AF1E-E15653874E21}"
EndProject
Project("{FAE04EC0-301F-11D3-BF4B-00C04F79EFBC}") = "GUI_QuanLiSinhVien", "GUI_QuanLiSinhVien\GUI_QuanLiSinhVien.csproj", "{1FD2736A-2F55-4AD4-B82D-630D8CFABCAC}"
EndProject
Global
	GlobalSection(SolutionConfigurationPlatforms) = preSolution
		Debug|Any CPU = Debug|Any CPU
		Release|Any CPU = Release|Any CPU
	EndGlobalSection
	GlobalSection(ProjectConfigurationPlatforms) = postSolution
		{3F686740-BCE1-48A8-8D48-CCBC5D54BEC0}.Debug|Any CPU.ActiveCfg = Debug|Any CPU
		{3F686740-BCE1-48A8-8D48-CCBC5D54BEC0}.Debug|Any CPU.Build.0 = Debug|Any CPU
		{3F686740-BCE1-48A8-8D48-CCBC5D54BEC0}.Release|Any CPU.ActiveCfg = Release|Any CPU
		{3F686740-BCE1-48A8-8D48-CCBC5D54BEC0}.Release|Any CPU.Build.0 = Release|Any CPU
		{48B6EBF2-83A3-4CC2-8E98-B8D0E6BBEB67}.Debug|Any CPU.ActiveCfg = Debug|Any CPU
		{48B6EBF2-83A3-4CC2-8E98-B8D0E6BBEB67}.Debug|Any CPU.Build.0 = Debug|Any CPU
		{48B6EBF2-83A3-4CC2-8E98-B8D0E6BBEB67}.Release|Any CPU.ActiveCfg = Release|Any CPU
		{48B6EBF2-83A3-4CC2-8E98-B8D0E6BBEB67}.Release|Any CPU.Build.0 = Release|Any CPU
		{0D6716E9-620F-4B74-AF1E-E15653874E21}.Debug|Any CPU.ActiveCfg = Debug|Any CPU
		{0D6716E9-620F-4B74-AF1E-E15653874E21}.Debug|Any CPU.Build.0 = Debug|Any CPU
		{0D6716E9-620F-4B74-AF1E-E15653874E21}.Release|Any CPU.ActiveCfg = Release|Any CPU
		{0D6716E9-620F-4B74-AF1E-E15653874E21}.Release|Any CPU.Build.0 = Release|Any CPU
		{1FD2736A-2F55-4AD4-B82D-630D8CFABCAC}.Debug|Any CPU.ActiveCfg = Debug|Any CPU
		{1FD2736A-2F55-4AD4-B82D-630D8CFABCAC}.Debug|Any CPU.Build.0 = Debug|Any CPU
		{1FD2736A-2F55-4AD4-B82D-630D8CFABCAC}.Release|Any CPU.ActiveCfg = Release|Any CPU
		{1FD2736A-2F55-4AD4-B82D-630D8CFABCAC}.Release|Any CPU.Build.0 = Release|Any CPU
	EndGlobalSection
	GlobalSection(SolutionProperties) = preSolution
		HideSolutionNode = FALSE
	EndGlobalSection
	GlobalSection(ExtensibilityGlobals) = postSolution
		SolutionGuid = {71977A1C-C750-4B36-8264-71FB9AD9A195}
	EndGlobalSection
EndGlobal
