
Microsoft Visual Studio Solution File, Format Version 12.00
# Visual Studio Version 16
VisualStudioVersion = 16.0.29215.179
MinimumVisualStudioVersion = 10.0.40219.1
Project("{FAE04EC0-301F-11D3-BF4B-00C04F79EFBC}") = "FunyAppHutech", "FunyAppHutech\FunyAppHutech.csproj", "{6A40AFD0-B6BC-404A-9D9A-211973E13201}"
EndProject
Project("{FAE04EC0-301F-11D3-BF4B-00C04F79EFBC}") = "StudentManager", "StudentManager\StudentManager.csproj", "{BD3BAF5E-6B1A-471C-89B9-D90E3E3E3DD0}"
EndProject
Project("{FAE04EC0-301F-11D3-BF4B-00C04F79EFBC}") = "HoaDonDien", "HoaDonDien\HoaDonDien.csproj", "{3C169F3A-EFE9-4B0D-8B66-50C5094E2F81}"
EndProject
Project("{FAE04EC0-301F-11D3-BF4B-00C04F79EFBC}") = "UngDungMayTinh", "UngDungMayTinh\UngDungMayTinh.csproj", "{8C24E3BE-EC1D-4A56-BBF6-3B2B5D4BD0C4}"
EndProject
Project("{FAE04EC0-301F-11D3-BF4B-00C04F79EFBC}") = "GUI_DangKyMonHocVui", "1\GUI_DangKyMonHocVui.csproj", "{956C0A15-3590-4A3C-9588-8A69289A1FD0}"
EndProject
Global
	GlobalSection(SolutionConfigurationPlatforms) = preSolution
		Debug|Any CPU = Debug|Any CPU
		Release|Any CPU = Release|Any CPU
	EndGlobalSection
	GlobalSection(ProjectConfigurationPlatforms) = postSolution
		{6A40AFD0-B6BC-404A-9D9A-211973E13201}.Debug|Any CPU.ActiveCfg = Debug|Any CPU
		{6A40AFD0-B6BC-404A-9D9A-211973E13201}.Debug|Any CPU.Build.0 = Debug|Any CPU
		{6A40AFD0-B6BC-404A-9D9A-211973E13201}.Release|Any CPU.ActiveCfg = Release|Any CPU
		{6A40AFD0-B6BC-404A-9D9A-211973E13201}.Release|Any CPU.Build.0 = Release|Any CPU
		{BD3BAF5E-6B1A-471C-89B9-D90E3E3E3DD0}.Debug|Any CPU.ActiveCfg = Debug|Any CPU
		{BD3BAF5E-6B1A-471C-89B9-D90E3E3E3DD0}.Debug|Any CPU.Build.0 = Debug|Any CPU
		{BD3BAF5E-6B1A-471C-89B9-D90E3E3E3DD0}.Release|Any CPU.ActiveCfg = Release|Any CPU
		{BD3BAF5E-6B1A-471C-89B9-D90E3E3E3DD0}.Release|Any CPU.Build.0 = Release|Any CPU
		{3C169F3A-EFE9-4B0D-8B66-50C5094E2F81}.Debug|Any CPU.ActiveCfg = Debug|Any CPU
		{3C169F3A-EFE9-4B0D-8B66-50C5094E2F81}.Debug|Any CPU.Build.0 = Debug|Any CPU
		{3C169F3A-EFE9-4B0D-8B66-50C5094E2F81}.Release|Any CPU.ActiveCfg = Release|Any CPU
		{3C169F3A-EFE9-4B0D-8B66-50C5094E2F81}.Release|Any CPU.Build.0 = Release|Any CPU
		{8C24E3BE-EC1D-4A56-BBF6-3B2B5D4BD0C4}.Debug|Any CPU.ActiveCfg = Debug|Any CPU
		{8C24E3BE-EC1D-4A56-BBF6-3B2B5D4BD0C4}.Debug|Any CPU.Build.0 = Debug|Any CPU
		{8C24E3BE-EC1D-4A56-BBF6-3B2B5D4BD0C4}.Release|Any CPU.ActiveCfg = Release|Any CPU
		{8C24E3BE-EC1D-4A56-BBF6-3B2B5D4BD0C4}.Release|Any CPU.Build.0 = Release|Any CPU
		{956C0A15-3590-4A3C-9588-8A69289A1FD0}.Debug|Any CPU.ActiveCfg = Debug|Any CPU
		{956C0A15-3590-4A3C-9588-8A69289A1FD0}.Debug|Any CPU.Build.0 = Debug|Any CPU
		{956C0A15-3590-4A3C-9588-8A69289A1FD0}.Release|Any CPU.ActiveCfg = Release|Any CPU
		{956C0A15-3590-4A3C-9588-8A69289A1FD0}.Release|Any CPU.Build.0 = Release|Any CPU
	EndGlobalSection
	GlobalSection(SolutionProperties) = preSolution
		HideSolutionNode = FALSE
	EndGlobalSection
	GlobalSection(ExtensibilityGlobals) = postSolution
		SolutionGuid = {71977A1C-C750-4B36-8264-71FB9AD9A195}
	EndGlobalSection
EndGlobal
